PODS:
  - Macaw (0.9.7):
    - SWXMLHash
  - SWXMLHash (5.0.1)
  - TinyConstraints (4.0.1)

DEPENDENCIES:
  - Macaw (= 0.9.7)
  - TinyConstraints (= 4.0.1)

SPEC REPOS:
  trunk:
    - Macaw
    - SWXMLHash
    - TinyConstraints

SPEC CHECKSUMS:
  Macaw: 4a931baf9a9826b06d0d8ecf300014c962ab9d50
  SWXMLHash: 9cc0c2e4807926c74377724aa8722ee5707a0485
  TinyConstraints: 8dd91295e56797648c7bc335dd20e1d91ec4c192

PODFILE CHECKSUM: 704a900f647bf39669f002b330fd1208970bcbba

COCOAPODS: 1.10.0
