// !$*UTF8*$!
{
	archiveVersion = 1;
	classes = {
	};
	objectVersion = 51;
	objects = {

/* Begin PBXBuildFile section */
		12AF346CAF823A23AEDBB83C /* Pods_Rails.framework in Frameworks */ = {isa = PBXBuildFile; fileRef = 20590D0D0DCFED92477A5E94 /* Pods_Rails.framework */; };
		5DD0C7612621C8B9008C8634 /* NavigationViewController.swift in Sources */ = {isa = PBXBuildFile; fileRef = 5DD0C7602621C8B9008C8634 /* NavigationViewController.swift */; };
		5DD0C7672621CA05008C8634 /* TabBarViewController.swift in Sources */ = {isa = PBXBuildFile; fileRef = 5DD0C7662621CA05008C8634 /* TabBarViewController.swift */; };
		5DD0C76B2621CEBE008C8634 /* MapHeaderView.swift in Sources */ = {isa = PBXBuildFile; fileRef = 5DD0C76A2621CEBE008C8634 /* MapHeaderView.swift */; };
		8861ED2B2621D8260059FE81 /* ContainerWrapper.swift in Sources */ = {isa = PBXBuildFile; fileRef = 8861ED2A2621D8260059FE81 /* ContainerWrapper.swift */; };
		8861ED2E2621DF2C0059FE81 /* DateTimeView.swift in Sources */ = {isa = PBXBuildFile; fileRef = 8861ED2D2621DF2C0059FE81 /* DateTimeView.swift */; };
		8861ED302621DFC30059FE81 /* TimePeriodView.swift in Sources */ = {isa = PBXBuildFile; fileRef = 8861ED2F2621DFC30059FE81 /* TimePeriodView.swift */; };
		8861ED322621E6BE0059FE81 /* GreetingView.swift in Sources */ = {isa = PBXBuildFile; fileRef = 8861ED312621E6BE0059FE81 /* GreetingView.swift */; };
		8861ED342621EF980059FE81 /* SearchForm.swift in Sources */ = {isa = PBXBuildFile; fileRef = 8861ED332621EF980059FE81 /* SearchForm.swift */; };
		8861ED372621FDA70059FE81 /* VerticalAlignmentLabel.swift in Sources */ = {isa = PBXBuildFile; fileRef = 8861ED362621FDA70059FE81 /* VerticalAlignmentLabel.swift */; };
		8861ED39262200230059FE81 /* ForwardDateView.swift in Sources */ = {isa = PBXBuildFile; fileRef = 8861ED38262200230059FE81 /* ForwardDateView.swift */; };
		8877304C26209D06001B5E25 /* wagon.svg in Resources */ = {isa = PBXBuildFile; fileRef = 8877304B26209D06001B5E25 /* wagon.svg */; };
		8877304E2620B828001B5E25 /* TrainMapViewController.swift in Sources */ = {isa = PBXBuildFile; fileRef = 8877304D2620B828001B5E25 /* TrainMapViewController.swift */; };
		887730512620B926001B5E25 /* UICollectionView++.swift in Sources */ = {isa = PBXBuildFile; fileRef = 887730502620B926001B5E25 /* UICollectionView++.swift */; };
		887730532620B95A001B5E25 /* WagonCell.swift in Sources */ = {isa = PBXBuildFile; fileRef = 887730522620B95A001B5E25 /* WagonCell.swift */; };
		887730552620B97B001B5E25 /* WagonView.swift in Sources */ = {isa = PBXBuildFile; fileRef = 887730542620B97B001B5E25 /* WagonView.swift */; };
		8877305E2620C7DC001B5E25 /* ColorPalette.swift in Sources */ = {isa = PBXBuildFile; fileRef = 8877305D2620C7DC001B5E25 /* ColorPalette.swift */; };
		887730602620C941001B5E25 /* UIColor++.swift in Sources */ = {isa = PBXBuildFile; fileRef = 8877305F2620C941001B5E25 /* UIColor++.swift */; };
		887730622620C9BF001B5E25 /* Macaw.Color++.swift in Sources */ = {isa = PBXBuildFile; fileRef = 887730612620C9BF001B5E25 /* Macaw.Color++.swift */; };
		8877306826210504001B5E25 /* ChidoriAnimationController.swift in Sources */ = {isa = PBXBuildFile; fileRef = 8877306726210504001B5E25 /* ChidoriAnimationController.swift */; };
		8877306A26210523001B5E25 /* ChidoriMenu.swift in Sources */ = {isa = PBXBuildFile; fileRef = 8877306926210523001B5E25 /* ChidoriMenu.swift */; };
		8877306C2621053C001B5E25 /* ChidoriMenuTableViewCell.swift in Sources */ = {isa = PBXBuildFile; fileRef = 8877306B2621053C001B5E25 /* ChidoriMenuTableViewCell.swift */; };
		8877306E26210555001B5E25 /* ChidoriPresentationController.swift in Sources */ = {isa = PBXBuildFile; fileRef = 8877306D26210555001B5E25 /* ChidoriPresentationController.swift */; };
		888A0F5F26207BA900F16A48 /* AppDelegate.swift in Sources */ = {isa = PBXBuildFile; fileRef = 888A0F5E26207BA900F16A48 /* AppDelegate.swift */; };
		888A0F6126207BA900F16A48 /* SceneDelegate.swift in Sources */ = {isa = PBXBuildFile; fileRef = 888A0F6026207BA900F16A48 /* SceneDelegate.swift */; };
		888A0F6826207BAB00F16A48 /* Assets.xcassets in Resources */ = {isa = PBXBuildFile; fileRef = 888A0F6726207BAB00F16A48 /* Assets.xcassets */; };
		888A0F6B26207BAB00F16A48 /* LaunchScreen.storyboard in Resources */ = {isa = PBXBuildFile; fileRef = 888A0F6926207BAB00F16A48 /* LaunchScreen.storyboard */; };
		88A416EB26211D8D00718953 /* UserLocationView.swift in Sources */ = {isa = PBXBuildFile; fileRef = 88A416EA26211D8D00718953 /* UserLocationView.swift */; };
		88A416F12621B9FD00718953 /* MainViewController.swift in Sources */ = {isa = PBXBuildFile; fileRef = 88A416F02621B9FD00718953 /* MainViewController.swift */; };
		88A416F32621BA2E00718953 /* NotificationsViewController.swift in Sources */ = {isa = PBXBuildFile; fileRef = 88A416F22621BA2E00718953 /* NotificationsViewController.swift */; };
		88A416F52621BCB500718953 /* StationMapViewController.swift in Sources */ = {isa = PBXBuildFile; fileRef = 88A416F42621BCB500718953 /* StationMapViewController.swift */; };
		88A416F72621BCDA00718953 /* UserViewController.swift in Sources */ = {isa = PBXBuildFile; fileRef = 88A416F62621BCDA00718953 /* UserViewController.swift */; };
		88A416F92621C90800718953 /* TicketView.swift in Sources */ = {isa = PBXBuildFile; fileRef = 88A416F82621C90800718953 /* TicketView.swift */; };
		88A4170F2621D5F700718953 /* gilroy-black.ttf in Resources */ = {isa = PBXBuildFile; fileRef = 88A417002621D12400718953 /* gilroy-black.ttf */; };
		88A417102621D5FA00718953 /* gilroy-regularitalic.ttf in Resources */ = {isa = PBXBuildFile; fileRef = 88A416FF2621D12400718953 /* gilroy-regularitalic.ttf */; };
		88A417112621D5FA00718953 /* gilroy-ultralight.ttf in Resources */ = {isa = PBXBuildFile; fileRef = 88A417012621D12400718953 /* gilroy-ultralight.ttf */; };
		88A417122621D5FA00718953 /* gilroy-semibold.ttf in Resources */ = {isa = PBXBuildFile; fileRef = 88A4170A2621D12400718953 /* gilroy-semibold.ttf */; };
		88A417132621D5FA00718953 /* gilroy-heavy.ttf in Resources */ = {isa = PBXBuildFile; fileRef = 88A416FE2621D12400718953 /* gilroy-heavy.ttf */; };
		88A417142621D5FA00718953 /* gilroy-medium.ttf in Resources */ = {isa = PBXBuildFile; fileRef = 88A4170D2621D12400718953 /* gilroy-medium.ttf */; };
		88A417152621D5FA00718953 /* gilroy-regular.ttf in Resources */ = {isa = PBXBuildFile; fileRef = 88A417082621D12400718953 /* gilroy-regular.ttf */; };
		88A417162621D5FA00718953 /* gilroy-extrabolditalic.ttf in Resources */ = {isa = PBXBuildFile; fileRef = 88A4170E2621D12400718953 /* gilroy-extrabolditalic.ttf */; };
		88A417172621D5FA00718953 /* gilroy-bold.ttf in Resources */ = {isa = PBXBuildFile; fileRef = 88A417042621D12400718953 /* gilroy-bold.ttf */; };
		88A417182621D5FA00718953 /* gilroy-heavyitalic.ttf in Resources */ = {isa = PBXBuildFile; fileRef = 88A417032621D12400718953 /* gilroy-heavyitalic.ttf */; };
		88A417192621D5FA00718953 /* gilroy-lightitalic.ttf in Resources */ = {isa = PBXBuildFile; fileRef = 88A417062621D12400718953 /* gilroy-lightitalic.ttf */; };
		88A4171A2621D5FA00718953 /* gilroy-thin.ttf in Resources */ = {isa = PBXBuildFile; fileRef = 88A417052621D12400718953 /* gilroy-thin.ttf */; };
		88A4171B2621D5FA00718953 /* gilroy-thinitalic.ttf in Resources */ = {isa = PBXBuildFile; fileRef = 88A417092621D12400718953 /* gilroy-thinitalic.ttf */; };
		88A4171C2621D5FA00718953 /* gilroy-bolditalic.ttf in Resources */ = {isa = PBXBuildFile; fileRef = 88A4170C2621D12400718953 /* gilroy-bolditalic.ttf */; };
		88A4171D2621D5FA00718953 /* gilroy-blackitalic.ttf in Resources */ = {isa = PBXBuildFile; fileRef = 88A417072621D12400718953 /* gilroy-blackitalic.ttf */; };
		88A4171E2621D5FA00718953 /* gilroy-mediumitalic.ttf in Resources */ = {isa = PBXBuildFile; fileRef = 88A416FD2621D12400718953 /* gilroy-mediumitalic.ttf */; };
		88A4171F2621D5FA00718953 /* gilroy-ultralightitalic.ttf in Resources */ = {isa = PBXBuildFile; fileRef = 88A417022621D12400718953 /* gilroy-ultralightitalic.ttf */; };
		88A417202621D5FA00718953 /* gilroy-semibolditalic.ttf in Resources */ = {isa = PBXBuildFile; fileRef = 88A4170B2621D12400718953 /* gilroy-semibolditalic.ttf */; };
		88A417222621D61900718953 /* Font.swift in Sources */ = {isa = PBXBuildFile; fileRef = 88A417212621D61900718953 /* Font.swift */; };
		88A417242621D79C00718953 /* StringStyle.swift in Sources */ = {isa = PBXBuildFile; fileRef = 88A417232621D79C00718953 /* StringStyle.swift */; };
/* End PBXBuildFile section */

/* Begin PBXFileReference section */
		20590D0D0DCFED92477A5E94 /* Pods_Rails.framework */ = {isa = PBXFileReference; explicitFileType = wrapper.framework; includeInIndex = 0; path = Pods_Rails.framework; sourceTree = BUILT_PRODUCTS_DIR; };
		5DD0C7602621C8B9008C8634 /* NavigationViewController.swift */ = {isa = PBXFileReference; lastKnownFileType = sourcecode.swift; path = NavigationViewController.swift; sourceTree = "<group>"; };
		5DD0C7662621CA05008C8634 /* TabBarViewController.swift */ = {isa = PBXFileReference; lastKnownFileType = sourcecode.swift; path = TabBarViewController.swift; sourceTree = "<group>"; };
		5DD0C76A2621CEBE008C8634 /* MapHeaderView.swift */ = {isa = PBXFileReference; lastKnownFileType = sourcecode.swift; path = MapHeaderView.swift; sourceTree = "<group>"; };
		8861ED2A2621D8260059FE81 /* ContainerWrapper.swift */ = {isa = PBXFileReference; fileEncoding = 4; lastKnownFileType = sourcecode.swift; path = ContainerWrapper.swift; sourceTree = "<group>"; };
		8861ED2D2621DF2C0059FE81 /* DateTimeView.swift */ = {isa = PBXFileReference; lastKnownFileType = sourcecode.swift; path = DateTimeView.swift; sourceTree = "<group>"; };
		8861ED2F2621DFC30059FE81 /* TimePeriodView.swift */ = {isa = PBXFileReference; lastKnownFileType = sourcecode.swift; path = TimePeriodView.swift; sourceTree = "<group>"; };
		8861ED312621E6BE0059FE81 /* GreetingView.swift */ = {isa = PBXFileReference; lastKnownFileType = sourcecode.swift; path = GreetingView.swift; sourceTree = "<group>"; };
		8861ED332621EF980059FE81 /* SearchForm.swift */ = {isa = PBXFileReference; lastKnownFileType = sourcecode.swift; path = SearchForm.swift; sourceTree = "<group>"; };
		8861ED362621FDA70059FE81 /* VerticalAlignmentLabel.swift */ = {isa = PBXFileReference; lastKnownFileType = sourcecode.swift; path = VerticalAlignmentLabel.swift; sourceTree = "<group>"; };
		8861ED38262200230059FE81 /* ForwardDateView.swift */ = {isa = PBXFileReference; lastKnownFileType = sourcecode.swift; path = ForwardDateView.swift; sourceTree = "<group>"; };
		8877304B26209D06001B5E25 /* wagon.svg */ = {isa = PBXFileReference; fileEncoding = 4; lastKnownFileType = text; path = wagon.svg; sourceTree = "<group>"; };
		8877304D2620B828001B5E25 /* TrainMapViewController.swift */ = {isa = PBXFileReference; lastKnownFileType = sourcecode.swift; path = TrainMapViewController.swift; sourceTree = "<group>"; };
		887730502620B926001B5E25 /* UICollectionView++.swift */ = {isa = PBXFileReference; lastKnownFileType = sourcecode.swift; path = "UICollectionView++.swift"; sourceTree = "<group>"; };
		887730522620B95A001B5E25 /* WagonCell.swift */ = {isa = PBXFileReference; lastKnownFileType = sourcecode.swift; path = WagonCell.swift; sourceTree = "<group>"; };
		887730542620B97B001B5E25 /* WagonView.swift */ = {isa = PBXFileReference; lastKnownFileType = sourcecode.swift; path = WagonView.swift; sourceTree = "<group>"; };
		8877305D2620C7DC001B5E25 /* ColorPalette.swift */ = {isa = PBXFileReference; lastKnownFileType = sourcecode.swift; path = ColorPalette.swift; sourceTree = "<group>"; };
		8877305F2620C941001B5E25 /* UIColor++.swift */ = {isa = PBXFileReference; lastKnownFileType = sourcecode.swift; path = "UIColor++.swift"; sourceTree = "<group>"; };
		887730612620C9BF001B5E25 /* Macaw.Color++.swift */ = {isa = PBXFileReference; lastKnownFileType = sourcecode.swift; path = "Macaw.Color++.swift"; sourceTree = "<group>"; };
		8877306726210504001B5E25 /* ChidoriAnimationController.swift */ = {isa = PBXFileReference; lastKnownFileType = sourcecode.swift; path = ChidoriAnimationController.swift; sourceTree = "<group>"; };
		8877306926210523001B5E25 /* ChidoriMenu.swift */ = {isa = PBXFileReference; lastKnownFileType = sourcecode.swift; path = ChidoriMenu.swift; sourceTree = "<group>"; };
		8877306B2621053C001B5E25 /* ChidoriMenuTableViewCell.swift */ = {isa = PBXFileReference; lastKnownFileType = sourcecode.swift; path = ChidoriMenuTableViewCell.swift; sourceTree = "<group>"; };
		8877306D26210555001B5E25 /* ChidoriPresentationController.swift */ = {isa = PBXFileReference; lastKnownFileType = sourcecode.swift; path = ChidoriPresentationController.swift; sourceTree = "<group>"; };
		888A0F5B26207BA900F16A48 /* Rails.app */ = {isa = PBXFileReference; explicitFileType = wrapper.application; includeInIndex = 0; path = Rails.app; sourceTree = BUILT_PRODUCTS_DIR; };
		888A0F5E26207BA900F16A48 /* AppDelegate.swift */ = {isa = PBXFileReference; lastKnownFileType = sourcecode.swift; path = AppDelegate.swift; sourceTree = "<group>"; };
		888A0F6026207BA900F16A48 /* SceneDelegate.swift */ = {isa = PBXFileReference; lastKnownFileType = sourcecode.swift; path = SceneDelegate.swift; sourceTree = "<group>"; };
		888A0F6726207BAB00F16A48 /* Assets.xcassets */ = {isa = PBXFileReference; lastKnownFileType = folder.assetcatalog; path = Assets.xcassets; sourceTree = "<group>"; };
		888A0F6A26207BAB00F16A48 /* Base */ = {isa = PBXFileReference; lastKnownFileType = file.storyboard; name = Base; path = Base.lproj/LaunchScreen.storyboard; sourceTree = "<group>"; };
		888A0F6C26207BAB00F16A48 /* Info.plist */ = {isa = PBXFileReference; lastKnownFileType = text.plist.xml; path = Info.plist; sourceTree = "<group>"; };
		88A416EA26211D8D00718953 /* UserLocationView.swift */ = {isa = PBXFileReference; lastKnownFileType = sourcecode.swift; path = UserLocationView.swift; sourceTree = "<group>"; };
		88A416F02621B9FD00718953 /* MainViewController.swift */ = {isa = PBXFileReference; lastKnownFileType = sourcecode.swift; path = MainViewController.swift; sourceTree = "<group>"; };
		88A416F22621BA2E00718953 /* NotificationsViewController.swift */ = {isa = PBXFileReference; lastKnownFileType = sourcecode.swift; path = NotificationsViewController.swift; sourceTree = "<group>"; };
		88A416F42621BCB500718953 /* StationMapViewController.swift */ = {isa = PBXFileReference; lastKnownFileType = sourcecode.swift; path = StationMapViewController.swift; sourceTree = "<group>"; };
		88A416F62621BCDA00718953 /* UserViewController.swift */ = {isa = PBXFileReference; lastKnownFileType = sourcecode.swift; path = UserViewController.swift; sourceTree = "<group>"; };
		88A416F82621C90800718953 /* TicketView.swift */ = {isa = PBXFileReference; lastKnownFileType = sourcecode.swift; path = TicketView.swift; sourceTree = "<group>"; };
		88A416FD2621D12400718953 /* gilroy-mediumitalic.ttf */ = {isa = PBXFileReference; lastKnownFileType = file; path = "gilroy-mediumitalic.ttf"; sourceTree = "<group>"; };
		88A416FE2621D12400718953 /* gilroy-heavy.ttf */ = {isa = PBXFileReference; lastKnownFileType = file; path = "gilroy-heavy.ttf"; sourceTree = "<group>"; };
		88A416FF2621D12400718953 /* gilroy-regularitalic.ttf */ = {isa = PBXFileReference; lastKnownFileType = file; path = "gilroy-regularitalic.ttf"; sourceTree = "<group>"; };
		88A417002621D12400718953 /* gilroy-black.ttf */ = {isa = PBXFileReference; lastKnownFileType = file; path = "gilroy-black.ttf"; sourceTree = "<group>"; };
		88A417012621D12400718953 /* gilroy-ultralight.ttf */ = {isa = PBXFileReference; lastKnownFileType = file; path = "gilroy-ultralight.ttf"; sourceTree = "<group>"; };
		88A417022621D12400718953 /* gilroy-ultralightitalic.ttf */ = {isa = PBXFileReference; lastKnownFileType = file; path = "gilroy-ultralightitalic.ttf"; sourceTree = "<group>"; };
		88A417032621D12400718953 /* gilroy-heavyitalic.ttf */ = {isa = PBXFileReference; lastKnownFileType = file; path = "gilroy-heavyitalic.ttf"; sourceTree = "<group>"; };
		88A417042621D12400718953 /* gilroy-bold.ttf */ = {isa = PBXFileReference; lastKnownFileType = file; path = "gilroy-bold.ttf"; sourceTree = "<group>"; };
		88A417052621D12400718953 /* gilroy-thin.ttf */ = {isa = PBXFileReference; lastKnownFileType = file; path = "gilroy-thin.ttf"; sourceTree = "<group>"; };
		88A417062621D12400718953 /* gilroy-lightitalic.ttf */ = {isa = PBXFileReference; lastKnownFileType = file; path = "gilroy-lightitalic.ttf"; sourceTree = "<group>"; };
		88A417072621D12400718953 /* gilroy-blackitalic.ttf */ = {isa = PBXFileReference; lastKnownFileType = file; path = "gilroy-blackitalic.ttf"; sourceTree = "<group>"; };
		88A417082621D12400718953 /* gilroy-regular.ttf */ = {isa = PBXFileReference; lastKnownFileType = file; path = "gilroy-regular.ttf"; sourceTree = "<group>"; };
		88A417092621D12400718953 /* gilroy-thinitalic.ttf */ = {isa = PBXFileReference; lastKnownFileType = file; path = "gilroy-thinitalic.ttf"; sourceTree = "<group>"; };
		88A4170A2621D12400718953 /* gilroy-semibold.ttf */ = {isa = PBXFileReference; lastKnownFileType = file; path = "gilroy-semibold.ttf"; sourceTree = "<group>"; };
		88A4170B2621D12400718953 /* gilroy-semibolditalic.ttf */ = {isa = PBXFileReference; lastKnownFileType = file; path = "gilroy-semibolditalic.ttf"; sourceTree = "<group>"; };
		88A4170C2621D12400718953 /* gilroy-bolditalic.ttf */ = {isa = PBXFileReference; lastKnownFileType = file; path = "gilroy-bolditalic.ttf"; sourceTree = "<group>"; };
		88A4170D2621D12400718953 /* gilroy-medium.ttf */ = {isa = PBXFileReference; lastKnownFileType = file; path = "gilroy-medium.ttf"; sourceTree = "<group>"; };
		88A4170E2621D12400718953 /* gilroy-extrabolditalic.ttf */ = {isa = PBXFileReference; lastKnownFileType = file; path = "gilroy-extrabolditalic.ttf"; sourceTree = "<group>"; };
		88A417212621D61900718953 /* Font.swift */ = {isa = PBXFileReference; lastKnownFileType = sourcecode.swift; path = Font.swift; sourceTree = "<group>"; };
		88A417232621D79C00718953 /* StringStyle.swift */ = {isa = PBXFileReference; lastKnownFileType = sourcecode.swift; path = StringStyle.swift; sourceTree = "<group>"; };
		95FEA99E54D27846D2FD4960 /* Pods-Rails.release.xcconfig */ = {isa = PBXFileReference; includeInIndex = 1; lastKnownFileType = text.xcconfig; name = "Pods-Rails.release.xcconfig"; path = "Target Support Files/Pods-Rails/Pods-Rails.release.xcconfig"; sourceTree = "<group>"; };
		C75F40D40CF00B9FC7F6A51C /* Pods-Rails.debug.xcconfig */ = {isa = PBXFileReference; includeInIndex = 1; lastKnownFileType = text.xcconfig; name = "Pods-Rails.debug.xcconfig"; path = "Target Support Files/Pods-Rails/Pods-Rails.debug.xcconfig"; sourceTree = "<group>"; };
/* End PBXFileReference section */

/* Begin PBXFrameworksBuildPhase section */
		888A0F5826207BA900F16A48 /* Frameworks */ = {
			isa = PBXFrameworksBuildPhase;
			buildActionMask = 2147483647;
			files = (
				12AF346CAF823A23AEDBB83C /* Pods_Rails.framework in Frameworks */,
			);
			runOnlyForDeploymentPostprocessing = 0;
		};
/* End PBXFrameworksBuildPhase section */

/* Begin PBXGroup section */
		1E9F41335B94387AA8F1F30B /* Pods */ = {
			isa = PBXGroup;
			children = (
				C75F40D40CF00B9FC7F6A51C /* Pods-Rails.debug.xcconfig */,
				95FEA99E54D27846D2FD4960 /* Pods-Rails.release.xcconfig */,
			);
			path = Pods;
			sourceTree = "<group>";
		};
		3F32632D91A4F5CF494C464B /* Frameworks */ = {
			isa = PBXGroup;
			children = (
				20590D0D0DCFED92477A5E94 /* Pods_Rails.framework */,
			);
			name = Frameworks;
			sourceTree = "<group>";
		};
		5DD0C75C2621C7D1008C8634 /* Utils */ = {
			isa = PBXGroup;
			children = (
				5DD0C7602621C8B9008C8634 /* NavigationViewController.swift */,
				8861ED2A2621D8260059FE81 /* ContainerWrapper.swift */,
				88A417232621D79C00718953 /* StringStyle.swift */,
				5DD0C7662621CA05008C8634 /* TabBarViewController.swift */,
			);
			path = Utils;
			sourceTree = "<group>";
		};
		8861ED2C2621DF1E0059FE81 /* TicketView */ = {
			isa = PBXGroup;
			children = (
				88A416F82621C90800718953 /* TicketView.swift */,
				8861ED2F2621DFC30059FE81 /* TimePeriodView.swift */,
				8861ED2D2621DF2C0059FE81 /* DateTimeView.swift */,
			);
			path = TicketView;
			sourceTree = "<group>";
		};
		8861ED352621FD8A0059FE81 /* Components */ = {
			isa = PBXGroup;
			children = (
				8861ED2C2621DF1E0059FE81 /* TicketView */,
				8861ED362621FDA70059FE81 /* VerticalAlignmentLabel.swift */,
			);
			path = Components;
			sourceTree = "<group>";
		};
		8877304A26209CF7001B5E25 /* SVG */ = {
			isa = PBXGroup;
			children = (
				8877304B26209D06001B5E25 /* wagon.svg */,
			);
			path = SVG;
			sourceTree = "<group>";
		};
		8877304F2620B91C001B5E25 /* Extensions */ = {
			isa = PBXGroup;
			children = (
				887730502620B926001B5E25 /* UICollectionView++.swift */,
				8877305F2620C941001B5E25 /* UIColor++.swift */,
				887730612620C9BF001B5E25 /* Macaw.Color++.swift */,
			);
			path = Extensions;
			sourceTree = "<group>";
		};
		887730562620C6B1001B5E25 /* DesignSystem */ = {
			isa = PBXGroup;
			children = (
				8877305D2620C7DC001B5E25 /* ColorPalette.swift */,
				88A417212621D61900718953 /* Font.swift */,
				8861ED352621FD8A0059FE81 /* Components */,
			);
			path = DesignSystem;
			sourceTree = "<group>";
		};
		887730572620C6D7001B5E25 /* Resources */ = {
			isa = PBXGroup;
			children = (
				88A416FC2621D11B00718953 /* Fonts */,
				8877304A26209CF7001B5E25 /* SVG */,
				888A0F6726207BAB00F16A48 /* Assets.xcassets */,
				888A0F6926207BAB00F16A48 /* LaunchScreen.storyboard */,
			);
			path = Resources;
			sourceTree = "<group>";
		};
		887730582620C710001B5E25 /* App */ = {
			isa = PBXGroup;
			children = (
				888A0F6026207BA900F16A48 /* SceneDelegate.swift */,
				888A0F5E26207BA900F16A48 /* AppDelegate.swift */,
				888A0F6C26207BAB00F16A48 /* Info.plist */,
			);
			path = App;
			sourceTree = "<group>";
		};
		8877305A2620C756001B5E25 /* UserStories */ = {
			isa = PBXGroup;
			children = (
				88A416EC2621B9B200718953 /* Main */,
				88A416ED2621B9BA00718953 /* Notifications */,
				88A416EE2621B9D600718953 /* Location */,
				88A416EF2621B9E000718953 /* User */,
			);
			path = UserStories;
			sourceTree = "<group>";
		};
		8877305B2620C75D001B5E25 /* TrainMap */ = {
			isa = PBXGroup;
			children = (
				887730522620B95A001B5E25 /* WagonCell.swift */,
				88A416EA26211D8D00718953 /* UserLocationView.swift */,
				887730542620B97B001B5E25 /* WagonView.swift */,
				8877304D2620B828001B5E25 /* TrainMapViewController.swift */,
			);
			path = TrainMap;
			sourceTree = "<group>";
		};
		8877305C2620C763001B5E25 /* StationMap */ = {
			isa = PBXGroup;
			children = (
				88A416F42621BCB500718953 /* StationMapViewController.swift */,
				5DD0C76A2621CEBE008C8634 /* MapHeaderView.swift */,
			);
			path = StationMap;
			sourceTree = "<group>";
		};
		88773065262104D8001B5E25 /* Libraries */ = {
			isa = PBXGroup;
			children = (
				88773066262104E1001B5E25 /* Chidori */,
			);
			path = Libraries;
			sourceTree = "<group>";
		};
		88773066262104E1001B5E25 /* Chidori */ = {
			isa = PBXGroup;
			children = (
				8877306726210504001B5E25 /* ChidoriAnimationController.swift */,
				8877306926210523001B5E25 /* ChidoriMenu.swift */,
				8877306B2621053C001B5E25 /* ChidoriMenuTableViewCell.swift */,
				8877306D26210555001B5E25 /* ChidoriPresentationController.swift */,
			);
			path = Chidori;
			sourceTree = "<group>";
		};
		888A0F5226207BA900F16A48 = {
			isa = PBXGroup;
			children = (
				888A0F5D26207BA900F16A48 /* Rails */,
				888A0F5C26207BA900F16A48 /* Products */,
				1E9F41335B94387AA8F1F30B /* Pods */,
				3F32632D91A4F5CF494C464B /* Frameworks */,
			);
			sourceTree = "<group>";
		};
		888A0F5C26207BA900F16A48 /* Products */ = {
			isa = PBXGroup;
			children = (
				888A0F5B26207BA900F16A48 /* Rails.app */,
			);
			name = Products;
			sourceTree = "<group>";
		};
		888A0F5D26207BA900F16A48 /* Rails */ = {
			isa = PBXGroup;
			children = (
				5DD0C75C2621C7D1008C8634 /* Utils */,
				887730572620C6D7001B5E25 /* Resources */,
				887730582620C710001B5E25 /* App */,
				887730562620C6B1001B5E25 /* DesignSystem */,
				8877304F2620B91C001B5E25 /* Extensions */,
				8877305A2620C756001B5E25 /* UserStories */,
				88773065262104D8001B5E25 /* Libraries */,
			);
			path = Rails;
			sourceTree = "<group>";
		};
		88A416EC2621B9B200718953 /* Main */ = {
			isa = PBXGroup;
			children = (
				88A416F02621B9FD00718953 /* MainViewController.swift */,
				8861ED312621E6BE0059FE81 /* GreetingView.swift */,
				8861ED332621EF980059FE81 /* SearchForm.swift */,
				8861ED38262200230059FE81 /* ForwardDateView.swift */,
			);
			path = Main;
			sourceTree = "<group>";
		};
		88A416ED2621B9BA00718953 /* Notifications */ = {
			isa = PBXGroup;
			children = (
				88A416F22621BA2E00718953 /* NotificationsViewController.swift */,
			);
			path = Notifications;
			sourceTree = "<group>";
		};
		88A416EE2621B9D600718953 /* Location */ = {
			isa = PBXGroup;
			children = (
				8877305C2620C763001B5E25 /* StationMap */,
				8877305B2620C75D001B5E25 /* TrainMap */,
			);
			path = Location;
			sourceTree = "<group>";
		};
		88A416EF2621B9E000718953 /* User */ = {
			isa = PBXGroup;
			children = (
				88A416F62621BCDA00718953 /* UserViewController.swift */,
			);
			path = User;
			sourceTree = "<group>";
		};
		88A416FC2621D11B00718953 /* Fonts */ = {
			isa = PBXGroup;
			children = (
				88A417002621D12400718953 /* gilroy-black.ttf */,
				88A417072621D12400718953 /* gilroy-blackitalic.ttf */,
				88A417042621D12400718953 /* gilroy-bold.ttf */,
				88A4170C2621D12400718953 /* gilroy-bolditalic.ttf */,
				88A4170E2621D12400718953 /* gilroy-extrabolditalic.ttf */,
				88A416FE2621D12400718953 /* gilroy-heavy.ttf */,
				88A417032621D12400718953 /* gilroy-heavyitalic.ttf */,
				88A417062621D12400718953 /* gilroy-lightitalic.ttf */,
				88A4170D2621D12400718953 /* gilroy-medium.ttf */,
				88A416FD2621D12400718953 /* gilroy-mediumitalic.ttf */,
				88A417082621D12400718953 /* gilroy-regular.ttf */,
				88A416FF2621D12400718953 /* gilroy-regularitalic.ttf */,
				88A4170A2621D12400718953 /* gilroy-semibold.ttf */,
				88A4170B2621D12400718953 /* gilroy-semibolditalic.ttf */,
				88A417052621D12400718953 /* gilroy-thin.ttf */,
				88A417092621D12400718953 /* gilroy-thinitalic.ttf */,
				88A417012621D12400718953 /* gilroy-ultralight.ttf */,
				88A417022621D12400718953 /* gilroy-ultralightitalic.ttf */,
			);
			path = Fonts;
			sourceTree = "<group>";
		};
/* End PBXGroup section */

/* Begin PBXNativeTarget section */
		888A0F5A26207BA900F16A48 /* Rails */ = {
			isa = PBXNativeTarget;
			buildConfigurationList = 888A0F6F26207BAB00F16A48 /* Build configuration list for PBXNativeTarget "Rails" */;
			buildPhases = (
				D0C22192FFD966FE86807127 /* [CP] Check Pods Manifest.lock */,
				888A0F5726207BA900F16A48 /* Sources */,
				888A0F5826207BA900F16A48 /* Frameworks */,
				888A0F5926207BA900F16A48 /* Resources */,
				84E4AEB940C4C137F6D6DD69 /* [CP] Embed Pods Frameworks */,
			);
			buildRules = (
			);
			dependencies = (
			);
			name = Rails;
			productName = Rails;
			productReference = 888A0F5B26207BA900F16A48 /* Rails.app */;
			productType = "com.apple.product-type.application";
		};
/* End PBXNativeTarget section */

/* Begin PBXProject section */
		888A0F5326207BA900F16A48 /* Project object */ = {
			isa = PBXProject;
			attributes = {
				LastSwiftUpdateCheck = 1250;
				LastUpgradeCheck = 1250;
				TargetAttributes = {
					888A0F5A26207BA900F16A48 = {
						CreatedOnToolsVersion = 12.5;
					};
				};
			};
			buildConfigurationList = 888A0F5626207BA900F16A48 /* Build configuration list for PBXProject "Rails" */;
			compatibilityVersion = "Xcode 9.3";
			developmentRegion = en;
			hasScannedForEncodings = 0;
			knownRegions = (
				en,
				Base,
			);
			mainGroup = 888A0F5226207BA900F16A48;
			productRefGroup = 888A0F5C26207BA900F16A48 /* Products */;
			projectDirPath = "";
			projectRoot = "";
			targets = (
				888A0F5A26207BA900F16A48 /* Rails */,
			);
		};
/* End PBXProject section */

/* Begin PBXResourcesBuildPhase section */
		888A0F5926207BA900F16A48 /* Resources */ = {
			isa = PBXResourcesBuildPhase;
			buildActionMask = 2147483647;
			files = (
				88A417182621D5FA00718953 /* gilroy-heavyitalic.ttf in Resources */,
				88A4171A2621D5FA00718953 /* gilroy-thin.ttf in Resources */,
				88A4171D2621D5FA00718953 /* gilroy-blackitalic.ttf in Resources */,
				88A417162621D5FA00718953 /* gilroy-extrabolditalic.ttf in Resources */,
				88A4171F2621D5FA00718953 /* gilroy-ultralightitalic.ttf in Resources */,
				88A417102621D5FA00718953 /* gilroy-regularitalic.ttf in Resources */,
				88A417202621D5FA00718953 /* gilroy-semibolditalic.ttf in Resources */,
				88A4171E2621D5FA00718953 /* gilroy-mediumitalic.ttf in Resources */,
				88A4171C2621D5FA00718953 /* gilroy-bolditalic.ttf in Resources */,
				88A4170F2621D5F700718953 /* gilroy-black.ttf in Resources */,
				88A417122621D5FA00718953 /* gilroy-semibold.ttf in Resources */,
				888A0F6B26207BAB00F16A48 /* LaunchScreen.storyboard in Resources */,
				88A417132621D5FA00718953 /* gilroy-heavy.ttf in Resources */,
				88A417192621D5FA00718953 /* gilroy-lightitalic.ttf in Resources */,
				888A0F6826207BAB00F16A48 /* Assets.xcassets in Resources */,
				88A417172621D5FA00718953 /* gilroy-bold.ttf in Resources */,
				88A417112621D5FA00718953 /* gilroy-ultralight.ttf in Resources */,
				8877304C26209D06001B5E25 /* wagon.svg in Resources */,
				88A4171B2621D5FA00718953 /* gilroy-thinitalic.ttf in Resources */,
				88A417142621D5FA00718953 /* gilroy-medium.ttf in Resources */,
				88A417152621D5FA00718953 /* gilroy-regular.ttf in Resources */,
			);
			runOnlyForDeploymentPostprocessing = 0;
		};
/* End PBXResourcesBuildPhase section */

/* Begin PBXShellScriptBuildPhase section */
		84E4AEB940C4C137F6D6DD69 /* [CP] Embed Pods Frameworks */ = {
			isa = PBXShellScriptBuildPhase;
			buildActionMask = 2147483647;
			files = (
			);
			inputFileListPaths = (
				"${PODS_ROOT}/Target Support Files/Pods-Rails/Pods-Rails-frameworks-${CONFIGURATION}-input-files.xcfilelist",
			);
			name = "[CP] Embed Pods Frameworks";
			outputFileListPaths = (
				"${PODS_ROOT}/Target Support Files/Pods-Rails/Pods-Rails-frameworks-${CONFIGURATION}-output-files.xcfilelist",
			);
			runOnlyForDeploymentPostprocessing = 0;
			shellPath = /bin/sh;
			shellScript = "\"${PODS_ROOT}/Target Support Files/Pods-Rails/Pods-Rails-frameworks.sh\"\n";
			showEnvVarsInLog = 0;
		};
		D0C22192FFD966FE86807127 /* [CP] Check Pods Manifest.lock */ = {
			isa = PBXShellScriptBuildPhase;
			buildActionMask = 2147483647;
			files = (
			);
			inputFileListPaths = (
			);
			inputPaths = (
				"${PODS_PODFILE_DIR_PATH}/Podfile.lock",
				"${PODS_ROOT}/Manifest.lock",
			);
			name = "[CP] Check Pods Manifest.lock";
			outputFileListPaths = (
			);
			outputPaths = (
				"$(DERIVED_FILE_DIR)/Pods-Rails-checkManifestLockResult.txt",
			);
			runOnlyForDeploymentPostprocessing = 0;
			shellPath = /bin/sh;
			shellScript = "diff \"${PODS_PODFILE_DIR_PATH}/Podfile.lock\" \"${PODS_ROOT}/Manifest.lock\" > /dev/null\nif [ $? != 0 ] ; then\n    # print error to STDERR\n    echo \"error: The sandbox is not in sync with the Podfile.lock. Run 'pod install' or update your CocoaPods installation.\" >&2\n    exit 1\nfi\n# This output is used by Xcode 'outputs' to avoid re-running this script phase.\necho \"SUCCESS\" > \"${SCRIPT_OUTPUT_FILE_0}\"\n";
			showEnvVarsInLog = 0;
		};
/* End PBXShellScriptBuildPhase section */

/* Begin PBXSourcesBuildPhase section */
		888A0F5726207BA900F16A48 /* Sources */ = {
			isa = PBXSourcesBuildPhase;
			buildActionMask = 2147483647;
			files = (
				5DD0C76B2621CEBE008C8634 /* MapHeaderView.swift in Sources */,
				8861ED322621E6BE0059FE81 /* GreetingView.swift in Sources */,
				8877305E2620C7DC001B5E25 /* ColorPalette.swift in Sources */,
				88A416F72621BCDA00718953 /* UserViewController.swift in Sources */,
				5DD0C7672621CA05008C8634 /* TabBarViewController.swift in Sources */,
				88A417222621D61900718953 /* Font.swift in Sources */,
				8877306E26210555001B5E25 /* ChidoriPresentationController.swift in Sources */,
				8861ED342621EF980059FE81 /* SearchForm.swift in Sources */,
				88A416F52621BCB500718953 /* StationMapViewController.swift in Sources */,
				8861ED2E2621DF2C0059FE81 /* DateTimeView.swift in Sources */,
				8877306A26210523001B5E25 /* ChidoriMenu.swift in Sources */,
				887730622620C9BF001B5E25 /* Macaw.Color++.swift in Sources */,
				887730532620B95A001B5E25 /* WagonCell.swift in Sources */,
				8861ED39262200230059FE81 /* ForwardDateView.swift in Sources */,
				888A0F5F26207BA900F16A48 /* AppDelegate.swift in Sources */,
				5DD0C7612621C8B9008C8634 /* NavigationViewController.swift in Sources */,
				8877306826210504001B5E25 /* ChidoriAnimationController.swift in Sources */,
				8877304E2620B828001B5E25 /* TrainMapViewController.swift in Sources */,
				8877306C2621053C001B5E25 /* ChidoriMenuTableViewCell.swift in Sources */,
				88A416F12621B9FD00718953 /* MainViewController.swift in Sources */,
				88A416F92621C90800718953 /* TicketView.swift in Sources */,
				8861ED2B2621D8260059FE81 /* ContainerWrapper.swift in Sources */,
				887730512620B926001B5E25 /* UICollectionView++.swift in Sources */,
				8861ED302621DFC30059FE81 /* TimePeriodView.swift in Sources */,
				887730602620C941001B5E25 /* UIColor++.swift in Sources */,
				8861ED372621FDA70059FE81 /* VerticalAlignmentLabel.swift in Sources */,
				887730552620B97B001B5E25 /* WagonView.swift in Sources */,
				88A416EB26211D8D00718953 /* UserLocationView.swift in Sources */,
				88A417242621D79C00718953 /* StringStyle.swift in Sources */,
				888A0F6126207BA900F16A48 /* SceneDelegate.swift in Sources */,
				88A416F32621BA2E00718953 /* NotificationsViewController.swift in Sources */,
			);
			runOnlyForDeploymentPostprocessing = 0;
		};
/* End PBXSourcesBuildPhase section */

/* Begin PBXVariantGroup section */
		888A0F6926207BAB00F16A48 /* LaunchScreen.storyboard */ = {
			isa = PBXVariantGroup;
			children = (
				888A0F6A26207BAB00F16A48 /* Base */,
			);
			name = LaunchScreen.storyboard;
			sourceTree = "<group>";
		};
/* End PBXVariantGroup section */

/* Begin XCBuildConfiguration section */
		888A0F6D26207BAB00F16A48 /* Debug */ = {
			isa = XCBuildConfiguration;
			buildSettings = {
				ALWAYS_SEARCH_USER_PATHS = NO;
				CLANG_ANALYZER_NONNULL = YES;
				CLANG_ANALYZER_NUMBER_OBJECT_CONVERSION = YES_AGGRESSIVE;
				CLANG_CXX_LANGUAGE_STANDARD = "gnu++14";
				CLANG_CXX_LIBRARY = "libc++";
				CLANG_ENABLE_MODULES = YES;
				CLANG_ENABLE_OBJC_ARC = YES;
				CLANG_ENABLE_OBJC_WEAK = YES;
				CLANG_WARN_BLOCK_CAPTURE_AUTORELEASING = YES;
				CLANG_WARN_BOOL_CONVERSION = YES;
				CLANG_WARN_COMMA = YES;
				CLANG_WARN_CONSTANT_CONVERSION = YES;
				CLANG_WARN_DEPRECATED_OBJC_IMPLEMENTATIONS = YES;
				CLANG_WARN_DIRECT_OBJC_ISA_USAGE = YES_ERROR;
				CLANG_WARN_DOCUMENTATION_COMMENTS = YES;
				CLANG_WARN_EMPTY_BODY = YES;
				CLANG_WARN_ENUM_CONVERSION = YES;
				CLANG_WARN_INFINITE_RECURSION = YES;
				CLANG_WARN_INT_CONVERSION = YES;
				CLANG_WARN_NON_LITERAL_NULL_CONVERSION = YES;
				CLANG_WARN_OBJC_IMPLICIT_RETAIN_SELF = YES;
				CLANG_WARN_OBJC_LITERAL_CONVERSION = YES;
				CLANG_WARN_OBJC_ROOT_CLASS = YES_ERROR;
				CLANG_WARN_QUOTED_INCLUDE_IN_FRAMEWORK_HEADER = YES;
				CLANG_WARN_RANGE_LOOP_ANALYSIS = YES;
				CLANG_WARN_STRICT_PROTOTYPES = YES;
				CLANG_WARN_SUSPICIOUS_MOVE = YES;
				CLANG_WARN_UNGUARDED_AVAILABILITY = YES_AGGRESSIVE;
				CLANG_WARN_UNREACHABLE_CODE = YES;
				CLANG_WARN__DUPLICATE_METHOD_MATCH = YES;
				COPY_PHASE_STRIP = NO;
				DEBUG_INFORMATION_FORMAT = dwarf;
				ENABLE_STRICT_OBJC_MSGSEND = YES;
				ENABLE_TESTABILITY = YES;
				GCC_C_LANGUAGE_STANDARD = gnu11;
				GCC_DYNAMIC_NO_PIC = NO;
				GCC_NO_COMMON_BLOCKS = YES;
				GCC_OPTIMIZATION_LEVEL = 0;
				GCC_PREPROCESSOR_DEFINITIONS = (
					"DEBUG=1",
					"$(inherited)",
				);
				GCC_WARN_64_TO_32_BIT_CONVERSION = YES;
				GCC_WARN_ABOUT_RETURN_TYPE = YES_ERROR;
				GCC_WARN_UNDECLARED_SELECTOR = YES;
				GCC_WARN_UNINITIALIZED_AUTOS = YES_AGGRESSIVE;
				GCC_WARN_UNUSED_FUNCTION = YES;
				GCC_WARN_UNUSED_VARIABLE = YES;
				IPHONEOS_DEPLOYMENT_TARGET = 14.1;
				MTL_ENABLE_DEBUG_INFO = INCLUDE_SOURCE;
				MTL_FAST_MATH = YES;
				ONLY_ACTIVE_ARCH = YES;
				SDKROOT = iphoneos;
				SWIFT_ACTIVE_COMPILATION_CONDITIONS = DEBUG;
				SWIFT_OPTIMIZATION_LEVEL = "-Onone";
			};
			name = Debug;
		};
		888A0F6E26207BAB00F16A48 /* Release */ = {
			isa = XCBuildConfiguration;
			buildSettings = {
				ALWAYS_SEARCH_USER_PATHS = NO;
				CLANG_ANALYZER_NONNULL = YES;
				CLANG_ANALYZER_NUMBER_OBJECT_CONVERSION = YES_AGGRESSIVE;
				CLANG_CXX_LANGUAGE_STANDARD = "gnu++14";
				CLANG_CXX_LIBRARY = "libc++";
				CLANG_ENABLE_MODULES = YES;
				CLANG_ENABLE_OBJC_ARC = YES;
				CLANG_ENABLE_OBJC_WEAK = YES;
				CLANG_WARN_BLOCK_CAPTURE_AUTORELEASING = YES;
				CLANG_WARN_BOOL_CONVERSION = YES;
				CLANG_WARN_COMMA = YES;
				CLANG_WARN_CONSTANT_CONVERSION = YES;
				CLANG_WARN_DEPRECATED_OBJC_IMPLEMENTATIONS = YES;
				CLANG_WARN_DIRECT_OBJC_ISA_USAGE = YES_ERROR;
				CLANG_WARN_DOCUMENTATION_COMMENTS = YES;
				CLANG_WARN_EMPTY_BODY = YES;
				CLANG_WARN_ENUM_CONVERSION = YES;
				CLANG_WARN_INFINITE_RECURSION = YES;
				CLANG_WARN_INT_CONVERSION = YES;
				CLANG_WARN_NON_LITERAL_NULL_CONVERSION = YES;
				CLANG_WARN_OBJC_IMPLICIT_RETAIN_SELF = YES;
				CLANG_WARN_OBJC_LITERAL_CONVERSION = YES;
				CLANG_WARN_OBJC_ROOT_CLASS = YES_ERROR;
				CLANG_WARN_QUOTED_INCLUDE_IN_FRAMEWORK_HEADER = YES;
				CLANG_WARN_RANGE_LOOP_ANALYSIS = YES;
				CLANG_WARN_STRICT_PROTOTYPES = YES;
				CLANG_WARN_SUSPICIOUS_MOVE = YES;
				CLANG_WARN_UNGUARDED_AVAILABILITY = YES_AGGRESSIVE;
				CLANG_WARN_UNREACHABLE_CODE = YES;
				CLANG_WARN__DUPLICATE_METHOD_MATCH = YES;
				COPY_PHASE_STRIP = NO;
				DEBUG_INFORMATION_FORMAT = "dwarf-with-dsym";
				ENABLE_NS_ASSERTIONS = NO;
				ENABLE_STRICT_OBJC_MSGSEND = YES;
				GCC_C_LANGUAGE_STANDARD = gnu11;
				GCC_NO_COMMON_BLOCKS = YES;
				GCC_WARN_64_TO_32_BIT_CONVERSION = YES;
				GCC_WARN_ABOUT_RETURN_TYPE = YES_ERROR;
				GCC_WARN_UNDECLARED_SELECTOR = YES;
				GCC_WARN_UNINITIALIZED_AUTOS = YES_AGGRESSIVE;
				GCC_WARN_UNUSED_FUNCTION = YES;
				GCC_WARN_UNUSED_VARIABLE = YES;
				IPHONEOS_DEPLOYMENT_TARGET = 14.1;
				MTL_ENABLE_DEBUG_INFO = NO;
				MTL_FAST_MATH = YES;
				SDKROOT = iphoneos;
				SWIFT_COMPILATION_MODE = wholemodule;
				SWIFT_OPTIMIZATION_LEVEL = "-O";
				VALIDATE_PRODUCT = YES;
			};
			name = Release;
		};
		888A0F7026207BAB00F16A48 /* Debug */ = {
			isa = XCBuildConfiguration;
			baseConfigurationReference = C75F40D40CF00B9FC7F6A51C /* Pods-Rails.debug.xcconfig */;
			buildSettings = {
				ASSETCATALOG_COMPILER_APPICON_NAME = AppIcon;
				ASSETCATALOG_COMPILER_GLOBAL_ACCENT_COLOR_NAME = AccentColor;
				CODE_SIGN_STYLE = Automatic;
				DEVELOPMENT_TEAM = GLQY2SH5YN;
				INFOPLIST_FILE = Rails/App/Info.plist;
				LD_RUNPATH_SEARCH_PATHS = (
					"$(inherited)",
					"@executable_path/Frameworks",
				);
				PRODUCT_BUNDLE_IDENTIFIER = com.salangin.Rails;
				PRODUCT_NAME = "$(TARGET_NAME)";
				SWIFT_VERSION = 5.0;
				TARGETED_DEVICE_FAMILY = 1;
			};
			name = Debug;
		};
		888A0F7126207BAB00F16A48 /* Release */ = {
			isa = XCBuildConfiguration;
			baseConfigurationReference = 95FEA99E54D27846D2FD4960 /* Pods-Rails.release.xcconfig */;
			buildSettings = {
				ASSETCATALOG_COMPILER_APPICON_NAME = AppIcon;
				ASSETCATALOG_COMPILER_GLOBAL_ACCENT_COLOR_NAME = AccentColor;
				CODE_SIGN_STYLE = Automatic;
				DEVELOPMENT_TEAM = GLQY2SH5YN;
				INFOPLIST_FILE = Rails/App/Info.plist;
				LD_RUNPATH_SEARCH_PATHS = (
					"$(inherited)",
					"@executable_path/Frameworks",
				);
				PRODUCT_BUNDLE_IDENTIFIER = com.salangin.Rails;
				PRODUCT_NAME = "$(TARGET_NAME)";
				SWIFT_VERSION = 5.0;
				TARGETED_DEVICE_FAMILY = 1;
			};
			name = Release;
		};
/* End XCBuildConfiguration section */

/* Begin XCConfigurationList section */
		888A0F5626207BA900F16A48 /* Build configuration list for PBXProject "Rails" */ = {
			isa = XCConfigurationList;
			buildConfigurations = (
				888A0F6D26207BAB00F16A48 /* Debug */,
				888A0F6E26207BAB00F16A48 /* Release */,
			);
			defaultConfigurationIsVisible = 0;
			defaultConfigurationName = Release;
		};
		888A0F6F26207BAB00F16A48 /* Build configuration list for PBXNativeTarget "Rails" */ = {
			isa = XCConfigurationList;
			buildConfigurations = (
				888A0F7026207BAB00F16A48 /* Debug */,
				888A0F7126207BAB00F16A48 /* Release */,
			);
			defaultConfigurationIsVisible = 0;
			defaultConfigurationName = Release;
		};
/* End XCConfigurationList section */
	};
	rootObject = 888A0F5326207BA900F16A48 /* Project object */;
}
